
Microsoft Visual Studio Solution File, Format Version 12.00
# Visual Studio Version 16
VisualStudioVersion = 16.0.30011.22
MinimumVisualStudioVersion = 10.0.40219.1
Project("{FAE04EC0-301F-11D3-BF4B-00C04F79EFBC}") = "AppMvcBasica", "AppMvcBasica\AppMvcBasica.csproj", "{7F3DA0F4-FE82-4580-8A68-6A63A30AA468}"
EndProject
Global
	GlobalSection(SolutionConfigurationPlatforms) = preSolution
		Debug|Any CPU = Debug|Any CPU
		Release|Any CPU = Release|Any CPU
	EndGlobalSection
	GlobalSection(ProjectConfigurationPlatforms) = postSolution
		{7F3DA0F4-FE82-4580-8A68-6A63A30AA468}.Debug|Any CPU.ActiveCfg = Debug|Any CPU
		{7F3DA0F4-FE82-4580-8A68-6A63A30AA468}.Debug|Any CPU.Build.0 = Debug|Any CPU
		{7F3DA0F4-FE82-4580-8A68-6A63A30AA468}.Release|Any CPU.ActiveCfg = Release|Any CPU
		{7F3DA0F4-FE82-4580-8A68-6A63A30AA468}.Release|Any CPU.Build.0 = Release|Any CPU
	EndGlobalSection
	GlobalSection(SolutionProperties) = preSolution
		HideSolutionNode = FALSE
	EndGlobalSection
	GlobalSection(ExtensibilityGlobals) = postSolution
		SolutionGuid = {46DC2D91-C13C-42A9-9ADE-124898C6D28F}
	EndGlobalSection
EndGlobal
